
Microsoft Visual Studio Solution File, Format Version 12.00
# Visual Studio 15
VisualStudioVersion = 15.0.28307.852
MinimumVisualStudioVersion = 10.0.40219.1
Project("{FAE04EC0-301F-11D3-BF4B-00C04F79EFBC}") = "BeatMaker", "BeatMaker\BeatMaker.csproj", "{F8E509B1-4A6F-451D-8639-A5A9B368E3B5}"
EndProject
Project("{FAE04EC0-301F-11D3-BF4B-00C04F79EFBC}") = "FileManager", "FileManager\FileManager.csproj", "{8A44AB32-8C5A-4E57-A457-84692F0AA067}"
EndProject
Project("{FAE04EC0-301F-11D3-BF4B-00C04F79EFBC}") = "DirectX", "DirectX\DirectX.csproj", "{3E014823-02AE-45C2-90D2-9BEC59DF26CA}"
EndProject
Project("{FAE04EC0-301F-11D3-BF4B-00C04F79EFBC}") = "ResourcePacker", "ResourcePacker\ResourcePacker.csproj", "{3AE56A01-B7BF-4784-B850-58C8D61DFAC4}"
EndProject
Project("{FAE04EC0-301F-11D3-BF4B-00C04F79EFBC}") = "unitTester", "..\..\C#unitTester\unitTester\unitTester.csproj", "{4F6E42CD-D3A4-493E-8E7B-605097939C58}"
EndProject
Project("{FAE04EC0-301F-11D3-BF4B-00C04F79EFBC}") = "SaveDataManager", "SaveDataManager\SaveDataManager.csproj", "{B5347D93-B9B9-4A7B-A922-13E0888C0ECE}"
EndProject
Global
	GlobalSection(SolutionConfigurationPlatforms) = preSolution
		Debug|Any CPU = Debug|Any CPU
		Debug|x64 = Debug|x64
		Release|Any CPU = Release|Any CPU
		Release|x64 = Release|x64
	EndGlobalSection
	GlobalSection(ProjectConfigurationPlatforms) = postSolution
		{F8E509B1-4A6F-451D-8639-A5A9B368E3B5}.Debug|Any CPU.ActiveCfg = Debug|Any CPU
		{F8E509B1-4A6F-451D-8639-A5A9B368E3B5}.Debug|Any CPU.Build.0 = Debug|Any CPU
		{F8E509B1-4A6F-451D-8639-A5A9B368E3B5}.Debug|x64.ActiveCfg = Debug|x64
		{F8E509B1-4A6F-451D-8639-A5A9B368E3B5}.Debug|x64.Build.0 = Debug|x64
		{F8E509B1-4A6F-451D-8639-A5A9B368E3B5}.Release|Any CPU.ActiveCfg = Release|Any CPU
		{F8E509B1-4A6F-451D-8639-A5A9B368E3B5}.Release|Any CPU.Build.0 = Release|Any CPU
		{F8E509B1-4A6F-451D-8639-A5A9B368E3B5}.Release|x64.ActiveCfg = Release|Any CPU
		{F8E509B1-4A6F-451D-8639-A5A9B368E3B5}.Release|x64.Build.0 = Release|Any CPU
		{8A44AB32-8C5A-4E57-A457-84692F0AA067}.Debug|Any CPU.ActiveCfg = Debug|Any CPU
		{8A44AB32-8C5A-4E57-A457-84692F0AA067}.Debug|Any CPU.Build.0 = Debug|Any CPU
		{8A44AB32-8C5A-4E57-A457-84692F0AA067}.Debug|x64.ActiveCfg = Debug|x64
		{8A44AB32-8C5A-4E57-A457-84692F0AA067}.Debug|x64.Build.0 = Debug|x64
		{8A44AB32-8C5A-4E57-A457-84692F0AA067}.Release|Any CPU.ActiveCfg = Release|Any CPU
		{8A44AB32-8C5A-4E57-A457-84692F0AA067}.Release|Any CPU.Build.0 = Release|Any CPU
		{8A44AB32-8C5A-4E57-A457-84692F0AA067}.Release|x64.ActiveCfg = Release|Any CPU
		{8A44AB32-8C5A-4E57-A457-84692F0AA067}.Release|x64.Build.0 = Release|Any CPU
		{3E014823-02AE-45C2-90D2-9BEC59DF26CA}.Debug|Any CPU.ActiveCfg = Debug|Any CPU
		{3E014823-02AE-45C2-90D2-9BEC59DF26CA}.Debug|Any CPU.Build.0 = Debug|Any CPU
		{3E014823-02AE-45C2-90D2-9BEC59DF26CA}.Debug|x64.ActiveCfg = Debug|x64
		{3E014823-02AE-45C2-90D2-9BEC59DF26CA}.Debug|x64.Build.0 = Debug|x64
		{3E014823-02AE-45C2-90D2-9BEC59DF26CA}.Release|Any CPU.ActiveCfg = Release|Any CPU
		{3E014823-02AE-45C2-90D2-9BEC59DF26CA}.Release|Any CPU.Build.0 = Release|Any CPU
		{3E014823-02AE-45C2-90D2-9BEC59DF26CA}.Release|x64.ActiveCfg = Release|Any CPU
		{3E014823-02AE-45C2-90D2-9BEC59DF26CA}.Release|x64.Build.0 = Release|Any CPU
		{3AE56A01-B7BF-4784-B850-58C8D61DFAC4}.Debug|Any CPU.ActiveCfg = Debug|Any CPU
		{3AE56A01-B7BF-4784-B850-58C8D61DFAC4}.Debug|Any CPU.Build.0 = Debug|Any CPU
		{3AE56A01-B7BF-4784-B850-58C8D61DFAC4}.Debug|x64.ActiveCfg = Debug|x64
		{3AE56A01-B7BF-4784-B850-58C8D61DFAC4}.Debug|x64.Build.0 = Debug|x64
		{3AE56A01-B7BF-4784-B850-58C8D61DFAC4}.Release|Any CPU.ActiveCfg = Release|Any CPU
		{3AE56A01-B7BF-4784-B850-58C8D61DFAC4}.Release|Any CPU.Build.0 = Release|Any CPU
		{3AE56A01-B7BF-4784-B850-58C8D61DFAC4}.Release|x64.ActiveCfg = Release|Any CPU
		{3AE56A01-B7BF-4784-B850-58C8D61DFAC4}.Release|x64.Build.0 = Release|Any CPU
		{4F6E42CD-D3A4-493E-8E7B-605097939C58}.Debug|Any CPU.ActiveCfg = Debug|Any CPU
		{4F6E42CD-D3A4-493E-8E7B-605097939C58}.Debug|Any CPU.Build.0 = Debug|Any CPU
		{4F6E42CD-D3A4-493E-8E7B-605097939C58}.Debug|x64.ActiveCfg = Debug|x64
		{4F6E42CD-D3A4-493E-8E7B-605097939C58}.Debug|x64.Build.0 = Debug|x64
		{4F6E42CD-D3A4-493E-8E7B-605097939C58}.Release|Any CPU.ActiveCfg = Release|Any CPU
		{4F6E42CD-D3A4-493E-8E7B-605097939C58}.Release|Any CPU.Build.0 = Release|Any CPU
		{4F6E42CD-D3A4-493E-8E7B-605097939C58}.Release|x64.ActiveCfg = Release|x64
		{4F6E42CD-D3A4-493E-8E7B-605097939C58}.Release|x64.Build.0 = Release|x64
		{B5347D93-B9B9-4A7B-A922-13E0888C0ECE}.Debug|Any CPU.ActiveCfg = Debug|Any CPU
		{B5347D93-B9B9-4A7B-A922-13E0888C0ECE}.Debug|Any CPU.Build.0 = Debug|Any CPU
		{B5347D93-B9B9-4A7B-A922-13E0888C0ECE}.Debug|x64.ActiveCfg = Debug|Any CPU
		{B5347D93-B9B9-4A7B-A922-13E0888C0ECE}.Debug|x64.Build.0 = Debug|Any CPU
		{B5347D93-B9B9-4A7B-A922-13E0888C0ECE}.Release|Any CPU.ActiveCfg = Release|Any CPU
		{B5347D93-B9B9-4A7B-A922-13E0888C0ECE}.Release|Any CPU.Build.0 = Release|Any CPU
		{B5347D93-B9B9-4A7B-A922-13E0888C0ECE}.Release|x64.ActiveCfg = Release|Any CPU
		{B5347D93-B9B9-4A7B-A922-13E0888C0ECE}.Release|x64.Build.0 = Release|Any CPU
	EndGlobalSection
	GlobalSection(SolutionProperties) = preSolution
		HideSolutionNode = FALSE
	EndGlobalSection
	GlobalSection(ExtensibilityGlobals) = postSolution
		SolutionGuid = {EEBDC0A6-28A3-4E5C-97DB-A682D0525237}
	EndGlobalSection
EndGlobal
